PODS:
  - Kingfisher (5.15.5):
    - Kingfisher/Core (= 5.15.5)
  - Kingfisher/Core (5.15.5)
  - NVActivityIndicatorView (5.1.0):
    - NVActivityIndicatorView/Base (= 5.1.0)
  - NVActivityIndicatorView/Base (5.1.0)
  - QuickLayout (3.0.0)
  - SkyFloatingLabelTextField (3.8.0)
  - SwiftEntryKit (1.2.6):
    - QuickLayout (= 3.0.0)
  - SwiftGen (6.4.0)
  - SwiftLint (0.40.3)
  - YandexMapKit (3.5.0):
    - YandexRuntime (= 3.5.0)
  - YandexRuntime (3.5.0)

DEPENDENCIES:
  - Kingfisher
  - NVActivityIndicatorView
  - SkyFloatingLabelTextField (~> 3.0)
  - SwiftEntryKit
  - SwiftGen
  - SwiftLint
  - YandexMapKit

SPEC REPOS:
  trunk:
    - Kingfisher
    - NVActivityIndicatorView
    - QuickLayout
    - SkyFloatingLabelTextField
    - SwiftEntryKit
    - SwiftGen
    - SwiftLint
    - YandexMapKit
    - YandexRuntime

SPEC CHECKSUMS:
  Kingfisher: e3ec347a5ab8817b7585ef46923a2d2b9a7d8fbe
  NVActivityIndicatorView: 09e48a157e6fc8369636477f9c9aa2f6090993c3
  QuickLayout: 07b45a72b10083fee3f095990cfed1c1e7b27f0a
  SkyFloatingLabelTextField: 5a338412114808e961fe2d14ea2c5452c8b6e4aa
  SwiftEntryKit: 96a2fa90b2631bbbfac50d18449e9ca3d0635f13
  SwiftGen: 67860cc7c3cfc2ed25b9b74cfd55495fc89f9108
  SwiftLint: dfd554ff0dff17288ee574814ccdd5cea85d76f7
  YandexMapKit: ecd4b78de34a35df63d066ac299e6fd0fe46d1ba
  YandexRuntime: 2d55244d06267106cf9b00c25a1e63f72a73b6fd

PODFILE CHECKSUM: adbbeb1ea0d95eada3149581b482c5ddd0073cf1

COCOAPODS: 1.10.1
