// !$*UTF8*$!
{
	archiveVersion = 1;
	classes = {
	};
	objectVersion = 51;
	objects = {

/* Begin PBXBuildFile section */
		7706E0A024594EBE0021DA1E /* Observable.swift in Sources */ = {isa = PBXBuildFile; fileRef = 7706E09F24594EBE0021DA1E /* Observable.swift */; };
		7706E0A2246529A00021DA1E /* GameProgressView.swift in Sources */ = {isa = PBXBuildFile; fileRef = 7706E0A1246529A00021DA1E /* GameProgressView.swift */; };
		7711C7A1246894BA0022EC45 /* Extensions+UIImage.swift in Sources */ = {isa = PBXBuildFile; fileRef = 7711C7A0246894BA0022EC45 /* Extensions+UIImage.swift */; };
		7741375623B9EC4100AD8A71 /* HomeViewModel.swift in Sources */ = {isa = PBXBuildFile; fileRef = 7741375523B9EC4100AD8A71 /* HomeViewModel.swift */; };
		774413C0242A9F2F001FBD83 /* Extensions+UIImageView.swift in Sources */ = {isa = PBXBuildFile; fileRef = 774413BF242A9F2F001FBD83 /* Extensions+UIImageView.swift */; };
		775370BD2458CD39006EFF3E /* CityImageCell.swift in Sources */ = {isa = PBXBuildFile; fileRef = 775370BB2458CD39006EFF3E /* CityImageCell.swift */; };
		775370BE2458CD39006EFF3E /* CityImageCell.xib in Resources */ = {isa = PBXBuildFile; fileRef = 775370BC2458CD39006EFF3E /* CityImageCell.xib */; };
		775370C02458E0DE006EFF3E /* QuantityManager.swift in Sources */ = {isa = PBXBuildFile; fileRef = 775370BF2458E0DE006EFF3E /* QuantityManager.swift */; };
		7753C620244CD20F0072A0B5 /* GameRuleCell.swift in Sources */ = {isa = PBXBuildFile; fileRef = 7753C61E244CD20F0072A0B5 /* GameRuleCell.swift */; };
		7753C621244CD20F0072A0B5 /* GameRuleCell.xib in Resources */ = {isa = PBXBuildFile; fileRef = 7753C61F244CD20F0072A0B5 /* GameRuleCell.xib */; };
		77688CD923BA20AE00697408 /* CityHeaderReusableView.swift in Sources */ = {isa = PBXBuildFile; fileRef = 77688CD723BA20AE00697408 /* CityHeaderReusableView.swift */; };
		7790B453241CF5CA0046EFA5 /* BaseViewController.swift in Sources */ = {isa = PBXBuildFile; fileRef = 7790B452241CF5CA0046EFA5 /* BaseViewController.swift */; };
		7790B458241E9A500046EFA5 /* HomeViewController.xib in Resources */ = {isa = PBXBuildFile; fileRef = 7790B457241E9A500046EFA5 /* HomeViewController.xib */; };
		7790B45B241EA0B60046EFA5 /* CityListViewController.xib in Resources */ = {isa = PBXBuildFile; fileRef = 7790B45A241EA0B60046EFA5 /* CityListViewController.xib */; };
		7790B45D241EACA10046EFA5 /* CityHeaderReusableView.xib in Resources */ = {isa = PBXBuildFile; fileRef = 7790B45C241EACA10046EFA5 /* CityHeaderReusableView.xib */; };
		7790B45F241EBBC90046EFA5 /* Extensions+UITableView.swift in Sources */ = {isa = PBXBuildFile; fileRef = 7790B45E241EBBC90046EFA5 /* Extensions+UITableView.swift */; };
		7790B461241EBBE60046EFA5 /* Extensions+UICollectionView.swift in Sources */ = {isa = PBXBuildFile; fileRef = 7790B460241EBBE60046EFA5 /* Extensions+UICollectionView.swift */; };
		7790B465241ECEB10046EFA5 /* GameViewController.xib in Resources */ = {isa = PBXBuildFile; fileRef = 7790B464241ECEB10046EFA5 /* GameViewController.xib */; };
		7790B469241FA3CF0046EFA5 /* LoginViewController.swift in Sources */ = {isa = PBXBuildFile; fileRef = 7790B467241FA3CF0046EFA5 /* LoginViewController.swift */; };
		7790B46A241FA3CF0046EFA5 /* LoginViewController.xib in Resources */ = {isa = PBXBuildFile; fileRef = 7790B468241FA3CF0046EFA5 /* LoginViewController.xib */; };
		7790B471241FA42A0046EFA5 /* RegistrationViewController.swift in Sources */ = {isa = PBXBuildFile; fileRef = 7790B46F241FA42A0046EFA5 /* RegistrationViewController.swift */; };
		7790B472241FA42A0046EFA5 /* RegistrationViewController.xib in Resources */ = {isa = PBXBuildFile; fileRef = 7790B470241FA42A0046EFA5 /* RegistrationViewController.xib */; };
		7790B474241FA44F0046EFA5 /* Extentions+Storyboard.swift in Sources */ = {isa = PBXBuildFile; fileRef = 7790B473241FA44F0046EFA5 /* Extentions+Storyboard.swift */; };
		7790B478241FA5E10046EFA5 /* GameRulesViewController.swift in Sources */ = {isa = PBXBuildFile; fileRef = 7790B476241FA5E10046EFA5 /* GameRulesViewController.swift */; };
		7790B479241FA5E10046EFA5 /* GameRulesViewController.xib in Resources */ = {isa = PBXBuildFile; fileRef = 7790B477241FA5E10046EFA5 /* GameRulesViewController.xib */; };
		7790B47D241FA6050046EFA5 /* PurchaseViewController.swift in Sources */ = {isa = PBXBuildFile; fileRef = 7790B47B241FA6050046EFA5 /* PurchaseViewController.swift */; };
		7790B47E241FA6050046EFA5 /* PurchaseViewController.xib in Resources */ = {isa = PBXBuildFile; fileRef = 7790B47C241FA6050046EFA5 /* PurchaseViewController.xib */; };
		7790B484241FA66B0046EFA5 /* SettingsViewController.swift in Sources */ = {isa = PBXBuildFile; fileRef = 7790B482241FA66B0046EFA5 /* SettingsViewController.swift */; };
		7790B485241FA66B0046EFA5 /* SettingsViewController.xib in Resources */ = {isa = PBXBuildFile; fileRef = 7790B483241FA66B0046EFA5 /* SettingsViewController.xib */; };
		7790B488241FA6990046EFA5 /* OnboardingViewController.xib in Resources */ = {isa = PBXBuildFile; fileRef = 7790B487241FA6990046EFA5 /* OnboardingViewController.xib */; };
		7790B48B241FA6FF0046EFA5 /* MapViewController.xib in Resources */ = {isa = PBXBuildFile; fileRef = 7790B48A241FA6FF0046EFA5 /* MapViewController.xib */; };
		7790B48D241FAC370046EFA5 /* OnboardingCell.xib in Resources */ = {isa = PBXBuildFile; fileRef = 7790B48C241FAC370046EFA5 /* OnboardingCell.xib */; };
		7790B490241FBEB80046EFA5 /* GameFooterReusableView.swift in Sources */ = {isa = PBXBuildFile; fileRef = 7790B48E241FBEB80046EFA5 /* GameFooterReusableView.swift */; };
		7790B491241FBEB80046EFA5 /* GameFooterReusableView.xib in Resources */ = {isa = PBXBuildFile; fileRef = 7790B48F241FBEB80046EFA5 /* GameFooterReusableView.xib */; };
		77A18F012433756F0027E456 /* Extensions+UIViewController.swift in Sources */ = {isa = PBXBuildFile; fileRef = 77A18F002433756F0027E456 /* Extensions+UIViewController.swift */; };
		77B120C5238C53BC001B2301 /* PreferencesManager.swift in Sources */ = {isa = PBXBuildFile; fileRef = 77B120C4238C53BC001B2301 /* PreferencesManager.swift */; };
		77B120C7238C547E001B2301 /* Logger.swift in Sources */ = {isa = PBXBuildFile; fileRef = 77B120C6238C547E001B2301 /* Logger.swift */; };
		77B120CC238C606B001B2301 /* LocationManager.swift in Sources */ = {isa = PBXBuildFile; fileRef = 77B120CB238C606B001B2301 /* LocationManager.swift */; };
		77B120D0238DC450001B2301 /* NotesHeader.xib in Resources */ = {isa = PBXBuildFile; fileRef = 77B120CF238DC450001B2301 /* NotesHeader.xib */; };
		77B120D2238DC545001B2301 /* Extensions+UIView.swift in Sources */ = {isa = PBXBuildFile; fileRef = 77B120D1238DC545001B2301 /* Extensions+UIView.swift */; };
		77B120D4239C475B001B2301 /* OnboardingViewController.swift in Sources */ = {isa = PBXBuildFile; fileRef = 77B120D3239C475B001B2301 /* OnboardingViewController.swift */; };
		77B120D6239C4C40001B2301 /* BaseCoordinator.swift in Sources */ = {isa = PBXBuildFile; fileRef = 77B120D5239C4C40001B2301 /* BaseCoordinator.swift */; };
		77B120DA239C4CD9001B2301 /* HomeCoordinator.swift in Sources */ = {isa = PBXBuildFile; fileRef = 77B120D9239C4CD9001B2301 /* HomeCoordinator.swift */; };
		77B120DF239C5F8F001B2301 /* CityListViewModel.swift in Sources */ = {isa = PBXBuildFile; fileRef = 77B120DE239C5F8F001B2301 /* CityListViewModel.swift */; };
		77B120E1239CDA3B001B2301 /* OnboardingCoordinator.swift in Sources */ = {isa = PBXBuildFile; fileRef = 77B120E0239CDA3B001B2301 /* OnboardingCoordinator.swift */; };
		77B120E3239CDCE1001B2301 /* OnboardingViewModel.swift in Sources */ = {isa = PBXBuildFile; fileRef = 77B120E2239CDCE1001B2301 /* OnboardingViewModel.swift */; };
		77B120E5239CDE2B001B2301 /* OnboardingStepViewModel.swift in Sources */ = {isa = PBXBuildFile; fileRef = 77B120E4239CDE2B001B2301 /* OnboardingStepViewModel.swift */; };
		77B120E7239CF2AC001B2301 /* OnboardingCell.swift in Sources */ = {isa = PBXBuildFile; fileRef = 77B120E6239CF2AC001B2301 /* OnboardingCell.swift */; };
		77B120E9239CF561001B2301 /* AppCoordinator.swift in Sources */ = {isa = PBXBuildFile; fileRef = 77B120E8239CF561001B2301 /* AppCoordinator.swift */; };
		77BDB39E23B2B41600820E5B /* CityCollectionCell.swift in Sources */ = {isa = PBXBuildFile; fileRef = 77BDB39C23B2B41500820E5B /* CityCollectionCell.swift */; };
		77BDB39F23B2B41600820E5B /* CityCollectionCell.xib in Resources */ = {isa = PBXBuildFile; fileRef = 77BDB39D23B2B41500820E5B /* CityCollectionCell.xib */; };
		77BDB3A323B3E99300820E5B /* GameNoteViewController.xib in Resources */ = {isa = PBXBuildFile; fileRef = 77BDB3A123B3E99300820E5B /* GameNoteViewController.xib */; };
		77F80DB424214B44005ED8C0 /* Extensions+String.swift in Sources */ = {isa = PBXBuildFile; fileRef = 77F80DB324214B44005ED8C0 /* Extensions+String.swift */; };
		77F80DB624215596005ED8C0 /* GameCoordinator.swift in Sources */ = {isa = PBXBuildFile; fileRef = 77F80DB524215596005ED8C0 /* GameCoordinator.swift */; };
		77F80DB824216518005ED8C0 /* Coordinator.swift in Sources */ = {isa = PBXBuildFile; fileRef = 77F80DB724216518005ED8C0 /* Coordinator.swift */; };
		77F80DBE2421FF70005ED8C0 /* LeaderboardViewController.swift in Sources */ = {isa = PBXBuildFile; fileRef = 77F80DBC2421FF70005ED8C0 /* LeaderboardViewController.swift */; };
		77F80DBF2421FF70005ED8C0 /* LeaderboardViewController.xib in Resources */ = {isa = PBXBuildFile; fileRef = 77F80DBD2421FF70005ED8C0 /* LeaderboardViewController.xib */; };
		77F80DC22421FF85005ED8C0 /* StatisticsViewController.swift in Sources */ = {isa = PBXBuildFile; fileRef = 77F80DC02421FF85005ED8C0 /* StatisticsViewController.swift */; };
		77F80DC32421FF85005ED8C0 /* StatisticsViewController.xib in Resources */ = {isa = PBXBuildFile; fileRef = 77F80DC12421FF85005ED8C0 /* StatisticsViewController.xib */; };
		77F80DC62421FF97005ED8C0 /* CityInfoViewController.swift in Sources */ = {isa = PBXBuildFile; fileRef = 77F80DC42421FF97005ED8C0 /* CityInfoViewController.swift */; };
		77F80DC72421FF97005ED8C0 /* CityInfoViewController.xib in Resources */ = {isa = PBXBuildFile; fileRef = 77F80DC52421FF97005ED8C0 /* CityInfoViewController.xib */; };
		77F80DC924220319005ED8C0 /* GameRulesViewModel.swift in Sources */ = {isa = PBXBuildFile; fileRef = 77F80DC824220318005ED8C0 /* GameRulesViewModel.swift */; };
		77F80DCB24220822005ED8C0 /* PurchaseViewModel.swift in Sources */ = {isa = PBXBuildFile; fileRef = 77F80DCA24220822005ED8C0 /* PurchaseViewModel.swift */; };
		77F80DCD2422084D005ED8C0 /* SettingsViewModel.swift in Sources */ = {isa = PBXBuildFile; fileRef = 77F80DCC2422084D005ED8C0 /* SettingsViewModel.swift */; };
		77F80DCF24220873005ED8C0 /* LeaderboardViewModel.swift in Sources */ = {isa = PBXBuildFile; fileRef = 77F80DCE24220873005ED8C0 /* LeaderboardViewModel.swift */; };
		77F80DD124220890005ED8C0 /* StatisticsViewModel.swift in Sources */ = {isa = PBXBuildFile; fileRef = 77F80DD024220890005ED8C0 /* StatisticsViewModel.swift */; };
		77F80DD324220A5A005ED8C0 /* MapViewModel.swift in Sources */ = {isa = PBXBuildFile; fileRef = 77F80DD224220A5A005ED8C0 /* MapViewModel.swift */; };
		77F80DD824232746005ED8C0 /* CityInfoViewModel.swift in Sources */ = {isa = PBXBuildFile; fileRef = 77F80DD724232746005ED8C0 /* CityInfoViewModel.swift */; };
		77F80DDC242328DE005ED8C0 /* MapCoordinator.swift in Sources */ = {isa = PBXBuildFile; fileRef = 77F80DDB242328DE005ED8C0 /* MapCoordinator.swift */; };
		77F931842439CF61007BC979 /* Extensions+UIButton.swift in Sources */ = {isa = PBXBuildFile; fileRef = 77F931832439CF61007BC979 /* Extensions+UIButton.swift */; };
		77F93186243B13E9007BC979 /* Extensions+UIColor.swift in Sources */ = {isa = PBXBuildFile; fileRef = 77F93185243B13E9007BC979 /* Extensions+UIColor.swift */; };
		8D32F34122D3302D00ABC228 /* AppDelegate.swift in Sources */ = {isa = PBXBuildFile; fileRef = 8D32F34022D3302D00ABC228 /* AppDelegate.swift */; };
		8D32F34322D3302D00ABC228 /* HomeViewController.swift in Sources */ = {isa = PBXBuildFile; fileRef = 8D32F34222D3302D00ABC228 /* HomeViewController.swift */; };
		8D32F34822D3302F00ABC228 /* Assets.xcassets in Resources */ = {isa = PBXBuildFile; fileRef = 8D32F34722D3302F00ABC228 /* Assets.xcassets */; };
		8D32F34B22D3302F00ABC228 /* LaunchScreen.storyboard in Resources */ = {isa = PBXBuildFile; fileRef = 8D32F34922D3302F00ABC228 /* LaunchScreen.storyboard */; };
		8D32F35322D3398700ABC228 /* City.swift in Sources */ = {isa = PBXBuildFile; fileRef = 8D32F35222D3398700ABC228 /* City.swift */; };
		8D32F35722D33CE000ABC228 /* Note.swift in Sources */ = {isa = PBXBuildFile; fileRef = 8D32F35622D33CE000ABC228 /* Note.swift */; };
		8D32F35922D34B8E00ABC228 /* GameViewModel.swift in Sources */ = {isa = PBXBuildFile; fileRef = 8D32F35822D34B8E00ABC228 /* GameViewModel.swift */; };
		8D32F36022D3588500ABC228 /* NetworkManager.swift in Sources */ = {isa = PBXBuildFile; fileRef = 8D32F35F22D3588500ABC228 /* NetworkManager.swift */; };
		8D32F36222D3589000ABC228 /* StorageManager.swift in Sources */ = {isa = PBXBuildFile; fileRef = 8D32F36122D3589000ABC228 /* StorageManager.swift */; };
		8D32F36722D366B000ABC228 /* API.swift in Sources */ = {isa = PBXBuildFile; fileRef = 8D32F36622D366B000ABC228 /* API.swift */; };
		8D32F36922D49DD600ABC228 /* CityListViewController.swift in Sources */ = {isa = PBXBuildFile; fileRef = 8D32F36822D49DD500ABC228 /* CityListViewController.swift */; };
		8D32F36B22D71E5A00ABC228 /* GameViewController.swift in Sources */ = {isa = PBXBuildFile; fileRef = 8D32F36A22D71E5A00ABC228 /* GameViewController.swift */; };
		8D32F36D22D71E6400ABC228 /* MapViewController.swift in Sources */ = {isa = PBXBuildFile; fileRef = 8D32F36C22D71E6300ABC228 /* MapViewController.swift */; };
		8D32F37522D7241E00ABC228 /* CustomCollectionViewFlowLayout.swift in Sources */ = {isa = PBXBuildFile; fileRef = 8D32F37422D7241E00ABC228 /* CustomCollectionViewFlowLayout.swift */; };
		8D32F37922D7394500ABC228 /* NoteCollectionCellViewModel.swift in Sources */ = {isa = PBXBuildFile; fileRef = 8D32F37822D7394500ABC228 /* NoteCollectionCellViewModel.swift */; };
		8D32F37F22D73C5E00ABC228 /* NoteViewModel.swift in Sources */ = {isa = PBXBuildFile; fileRef = 8D32F37E22D73C5E00ABC228 /* NoteViewModel.swift */; };
		8D32F38122D73E1400ABC228 /* NoteCollectionCell.xib in Resources */ = {isa = PBXBuildFile; fileRef = 8D32F38022D73E1400ABC228 /* NoteCollectionCell.xib */; };
		8D32F38322D73E4500ABC228 /* NoteCollectionCell.swift in Sources */ = {isa = PBXBuildFile; fileRef = 8D32F38222D73E4500ABC228 /* NoteCollectionCell.swift */; };
		8D8EA3D922D75F8D00EA2F01 /* BaseCell.swift in Sources */ = {isa = PBXBuildFile; fileRef = 8D8EA3D822D75F8D00EA2F01 /* BaseCell.swift */; };
		8D8EA3DB22D771DC00EA2F01 /* GameNoteViewController.swift in Sources */ = {isa = PBXBuildFile; fileRef = 8D8EA3DA22D771DC00EA2F01 /* GameNoteViewController.swift */; };
		A3EE442304D2DC80E8688FAF /* Pods_12Zapisok.framework in Frameworks */ = {isa = PBXBuildFile; fileRef = 526AD8A7641C95E0C7D7C7D6 /* Pods_12Zapisok.framework */; };
/* End PBXBuildFile section */

/* Begin PBXFileReference section */
		526AD8A7641C95E0C7D7C7D6 /* Pods_12Zapisok.framework */ = {isa = PBXFileReference; explicitFileType = wrapper.framework; includeInIndex = 0; path = Pods_12Zapisok.framework; sourceTree = BUILT_PRODUCTS_DIR; };
		7706E09F24594EBE0021DA1E /* Observable.swift */ = {isa = PBXFileReference; lastKnownFileType = sourcecode.swift; path = Observable.swift; sourceTree = "<group>"; };
		7706E0A1246529A00021DA1E /* GameProgressView.swift */ = {isa = PBXFileReference; lastKnownFileType = sourcecode.swift; path = GameProgressView.swift; sourceTree = "<group>"; };
		7711C7A0246894BA0022EC45 /* Extensions+UIImage.swift */ = {isa = PBXFileReference; lastKnownFileType = sourcecode.swift; path = "Extensions+UIImage.swift"; sourceTree = "<group>"; };
		7741375523B9EC4100AD8A71 /* HomeViewModel.swift */ = {isa = PBXFileReference; lastKnownFileType = sourcecode.swift; path = HomeViewModel.swift; sourceTree = "<group>"; };
		774413BF242A9F2F001FBD83 /* Extensions+UIImageView.swift */ = {isa = PBXFileReference; lastKnownFileType = sourcecode.swift; path = "Extensions+UIImageView.swift"; sourceTree = "<group>"; };
		775370BB2458CD39006EFF3E /* CityImageCell.swift */ = {isa = PBXFileReference; lastKnownFileType = sourcecode.swift; path = CityImageCell.swift; sourceTree = "<group>"; };
		775370BC2458CD39006EFF3E /* CityImageCell.xib */ = {isa = PBXFileReference; lastKnownFileType = file.xib; path = CityImageCell.xib; sourceTree = "<group>"; };
		775370BF2458E0DE006EFF3E /* QuantityManager.swift */ = {isa = PBXFileReference; lastKnownFileType = sourcecode.swift; path = QuantityManager.swift; sourceTree = "<group>"; };
		7753C61E244CD20F0072A0B5 /* GameRuleCell.swift */ = {isa = PBXFileReference; lastKnownFileType = sourcecode.swift; path = GameRuleCell.swift; sourceTree = "<group>"; };
		7753C61F244CD20F0072A0B5 /* GameRuleCell.xib */ = {isa = PBXFileReference; lastKnownFileType = file.xib; path = GameRuleCell.xib; sourceTree = "<group>"; };
		77688CD723BA20AE00697408 /* CityHeaderReusableView.swift */ = {isa = PBXFileReference; lastKnownFileType = sourcecode.swift; path = CityHeaderReusableView.swift; sourceTree = "<group>"; };
		7790B452241CF5CA0046EFA5 /* BaseViewController.swift */ = {isa = PBXFileReference; lastKnownFileType = sourcecode.swift; path = BaseViewController.swift; sourceTree = "<group>"; };
		7790B457241E9A500046EFA5 /* HomeViewController.xib */ = {isa = PBXFileReference; lastKnownFileType = file.xib; path = HomeViewController.xib; sourceTree = "<group>"; };
		7790B45A241EA0B60046EFA5 /* CityListViewController.xib */ = {isa = PBXFileReference; lastKnownFileType = file.xib; path = CityListViewController.xib; sourceTree = "<group>"; };
		7790B45C241EACA10046EFA5 /* CityHeaderReusableView.xib */ = {isa = PBXFileReference; lastKnownFileType = file.xib; path = CityHeaderReusableView.xib; sourceTree = "<group>"; };
		7790B45E241EBBC90046EFA5 /* Extensions+UITableView.swift */ = {isa = PBXFileReference; lastKnownFileType = sourcecode.swift; path = "Extensions+UITableView.swift"; sourceTree = "<group>"; };
		7790B460241EBBE60046EFA5 /* Extensions+UICollectionView.swift */ = {isa = PBXFileReference; lastKnownFileType = sourcecode.swift; path = "Extensions+UICollectionView.swift"; sourceTree = "<group>"; };
		7790B464241ECEB10046EFA5 /* GameViewController.xib */ = {isa = PBXFileReference; lastKnownFileType = file.xib; path = GameViewController.xib; sourceTree = "<group>"; };
		7790B467241FA3CF0046EFA5 /* LoginViewController.swift */ = {isa = PBXFileReference; lastKnownFileType = sourcecode.swift; path = LoginViewController.swift; sourceTree = "<group>"; };
		7790B468241FA3CF0046EFA5 /* LoginViewController.xib */ = {isa = PBXFileReference; lastKnownFileType = file.xib; path = LoginViewController.xib; sourceTree = "<group>"; };
		7790B46F241FA42A0046EFA5 /* RegistrationViewController.swift */ = {isa = PBXFileReference; lastKnownFileType = sourcecode.swift; path = RegistrationViewController.swift; sourceTree = "<group>"; };
		7790B470241FA42A0046EFA5 /* RegistrationViewController.xib */ = {isa = PBXFileReference; lastKnownFileType = file.xib; path = RegistrationViewController.xib; sourceTree = "<group>"; };
		7790B473241FA44F0046EFA5 /* Extentions+Storyboard.swift */ = {isa = PBXFileReference; lastKnownFileType = sourcecode.swift; path = "Extentions+Storyboard.swift"; sourceTree = "<group>"; };
		7790B476241FA5E10046EFA5 /* GameRulesViewController.swift */ = {isa = PBXFileReference; lastKnownFileType = sourcecode.swift; path = GameRulesViewController.swift; sourceTree = "<group>"; };
		7790B477241FA5E10046EFA5 /* GameRulesViewController.xib */ = {isa = PBXFileReference; lastKnownFileType = file.xib; path = GameRulesViewController.xib; sourceTree = "<group>"; };
		7790B47B241FA6050046EFA5 /* PurchaseViewController.swift */ = {isa = PBXFileReference; lastKnownFileType = sourcecode.swift; path = PurchaseViewController.swift; sourceTree = "<group>"; };
		7790B47C241FA6050046EFA5 /* PurchaseViewController.xib */ = {isa = PBXFileReference; lastKnownFileType = file.xib; path = PurchaseViewController.xib; sourceTree = "<group>"; };
		7790B482241FA66B0046EFA5 /* SettingsViewController.swift */ = {isa = PBXFileReference; lastKnownFileType = sourcecode.swift; path = SettingsViewController.swift; sourceTree = "<group>"; };
		7790B483241FA66B0046EFA5 /* SettingsViewController.xib */ = {isa = PBXFileReference; lastKnownFileType = file.xib; path = SettingsViewController.xib; sourceTree = "<group>"; };
		7790B487241FA6990046EFA5 /* OnboardingViewController.xib */ = {isa = PBXFileReference; lastKnownFileType = file.xib; path = OnboardingViewController.xib; sourceTree = "<group>"; };
		7790B48A241FA6FF0046EFA5 /* MapViewController.xib */ = {isa = PBXFileReference; lastKnownFileType = file.xib; path = MapViewController.xib; sourceTree = "<group>"; };
		7790B48C241FAC370046EFA5 /* OnboardingCell.xib */ = {isa = PBXFileReference; lastKnownFileType = file.xib; path = OnboardingCell.xib; sourceTree = "<group>"; };
		7790B48E241FBEB80046EFA5 /* GameFooterReusableView.swift */ = {isa = PBXFileReference; lastKnownFileType = sourcecode.swift; path = GameFooterReusableView.swift; sourceTree = "<group>"; };
		7790B48F241FBEB80046EFA5 /* GameFooterReusableView.xib */ = {isa = PBXFileReference; lastKnownFileType = file.xib; path = GameFooterReusableView.xib; sourceTree = "<group>"; };
		77A18F002433756F0027E456 /* Extensions+UIViewController.swift */ = {isa = PBXFileReference; lastKnownFileType = sourcecode.swift; path = "Extensions+UIViewController.swift"; sourceTree = "<group>"; };
		77B120C4238C53BC001B2301 /* PreferencesManager.swift */ = {isa = PBXFileReference; lastKnownFileType = sourcecode.swift; path = PreferencesManager.swift; sourceTree = "<group>"; };
		77B120C6238C547E001B2301 /* Logger.swift */ = {isa = PBXFileReference; lastKnownFileType = sourcecode.swift; path = Logger.swift; sourceTree = "<group>"; };
		77B120CB238C606B001B2301 /* LocationManager.swift */ = {isa = PBXFileReference; lastKnownFileType = sourcecode.swift; path = LocationManager.swift; sourceTree = "<group>"; };
		77B120CF238DC450001B2301 /* NotesHeader.xib */ = {isa = PBXFileReference; lastKnownFileType = file.xib; path = NotesHeader.xib; sourceTree = "<group>"; };
		77B120D1238DC545001B2301 /* Extensions+UIView.swift */ = {isa = PBXFileReference; lastKnownFileType = sourcecode.swift; path = "Extensions+UIView.swift"; sourceTree = "<group>"; };
		77B120D3239C475B001B2301 /* OnboardingViewController.swift */ = {isa = PBXFileReference; lastKnownFileType = sourcecode.swift; path = OnboardingViewController.swift; sourceTree = "<group>"; };
		77B120D5239C4C40001B2301 /* BaseCoordinator.swift */ = {isa = PBXFileReference; lastKnownFileType = sourcecode.swift; path = BaseCoordinator.swift; sourceTree = "<group>"; };
		77B120D9239C4CD9001B2301 /* HomeCoordinator.swift */ = {isa = PBXFileReference; lastKnownFileType = sourcecode.swift; path = HomeCoordinator.swift; sourceTree = "<group>"; };
		77B120DE239C5F8F001B2301 /* CityListViewModel.swift */ = {isa = PBXFileReference; lastKnownFileType = sourcecode.swift; path = CityListViewModel.swift; sourceTree = "<group>"; };
		77B120E0239CDA3B001B2301 /* OnboardingCoordinator.swift */ = {isa = PBXFileReference; lastKnownFileType = sourcecode.swift; path = OnboardingCoordinator.swift; sourceTree = "<group>"; };
		77B120E2239CDCE1001B2301 /* OnboardingViewModel.swift */ = {isa = PBXFileReference; lastKnownFileType = sourcecode.swift; path = OnboardingViewModel.swift; sourceTree = "<group>"; };
		77B120E4239CDE2B001B2301 /* OnboardingStepViewModel.swift */ = {isa = PBXFileReference; lastKnownFileType = sourcecode.swift; path = OnboardingStepViewModel.swift; sourceTree = "<group>"; };
		77B120E6239CF2AC001B2301 /* OnboardingCell.swift */ = {isa = PBXFileReference; lastKnownFileType = sourcecode.swift; path = OnboardingCell.swift; sourceTree = "<group>"; };
		77B120E8239CF561001B2301 /* AppCoordinator.swift */ = {isa = PBXFileReference; lastKnownFileType = sourcecode.swift; path = AppCoordinator.swift; sourceTree = "<group>"; };
		77BDB39C23B2B41500820E5B /* CityCollectionCell.swift */ = {isa = PBXFileReference; lastKnownFileType = sourcecode.swift; path = CityCollectionCell.swift; sourceTree = "<group>"; };
		77BDB39D23B2B41500820E5B /* CityCollectionCell.xib */ = {isa = PBXFileReference; lastKnownFileType = file.xib; path = CityCollectionCell.xib; sourceTree = "<group>"; };
		77BDB3A123B3E99300820E5B /* GameNoteViewController.xib */ = {isa = PBXFileReference; lastKnownFileType = file.xib; path = GameNoteViewController.xib; sourceTree = "<group>"; };
		77F80DB324214B44005ED8C0 /* Extensions+String.swift */ = {isa = PBXFileReference; lastKnownFileType = sourcecode.swift; path = "Extensions+String.swift"; sourceTree = "<group>"; };
		77F80DB524215596005ED8C0 /* GameCoordinator.swift */ = {isa = PBXFileReference; lastKnownFileType = sourcecode.swift; path = GameCoordinator.swift; sourceTree = "<group>"; };
		77F80DB724216518005ED8C0 /* Coordinator.swift */ = {isa = PBXFileReference; lastKnownFileType = sourcecode.swift; path = Coordinator.swift; sourceTree = "<group>"; };
		77F80DBC2421FF70005ED8C0 /* LeaderboardViewController.swift */ = {isa = PBXFileReference; lastKnownFileType = sourcecode.swift; path = LeaderboardViewController.swift; sourceTree = "<group>"; };
		77F80DBD2421FF70005ED8C0 /* LeaderboardViewController.xib */ = {isa = PBXFileReference; lastKnownFileType = file.xib; path = LeaderboardViewController.xib; sourceTree = "<group>"; };
		77F80DC02421FF85005ED8C0 /* StatisticsViewController.swift */ = {isa = PBXFileReference; lastKnownFileType = sourcecode.swift; path = StatisticsViewController.swift; sourceTree = "<group>"; };
		77F80DC12421FF85005ED8C0 /* StatisticsViewController.xib */ = {isa = PBXFileReference; lastKnownFileType = file.xib; path = StatisticsViewController.xib; sourceTree = "<group>"; };
		77F80DC42421FF97005ED8C0 /* CityInfoViewController.swift */ = {isa = PBXFileReference; lastKnownFileType = sourcecode.swift; path = CityInfoViewController.swift; sourceTree = "<group>"; };
		77F80DC52421FF97005ED8C0 /* CityInfoViewController.xib */ = {isa = PBXFileReference; lastKnownFileType = file.xib; path = CityInfoViewController.xib; sourceTree = "<group>"; };
		77F80DC824220318005ED8C0 /* GameRulesViewModel.swift */ = {isa = PBXFileReference; lastKnownFileType = sourcecode.swift; path = GameRulesViewModel.swift; sourceTree = "<group>"; };
		77F80DCA24220822005ED8C0 /* PurchaseViewModel.swift */ = {isa = PBXFileReference; lastKnownFileType = sourcecode.swift; path = PurchaseViewModel.swift; sourceTree = "<group>"; };
		77F80DCC2422084D005ED8C0 /* SettingsViewModel.swift */ = {isa = PBXFileReference; lastKnownFileType = sourcecode.swift; path = SettingsViewModel.swift; sourceTree = "<group>"; };
		77F80DCE24220873005ED8C0 /* LeaderboardViewModel.swift */ = {isa = PBXFileReference; lastKnownFileType = sourcecode.swift; path = LeaderboardViewModel.swift; sourceTree = "<group>"; };
		77F80DD024220890005ED8C0 /* StatisticsViewModel.swift */ = {isa = PBXFileReference; lastKnownFileType = sourcecode.swift; path = StatisticsViewModel.swift; sourceTree = "<group>"; };
		77F80DD224220A5A005ED8C0 /* MapViewModel.swift */ = {isa = PBXFileReference; lastKnownFileType = sourcecode.swift; path = MapViewModel.swift; sourceTree = "<group>"; };
		77F80DD724232746005ED8C0 /* CityInfoViewModel.swift */ = {isa = PBXFileReference; lastKnownFileType = sourcecode.swift; path = CityInfoViewModel.swift; sourceTree = "<group>"; };
		77F80DDB242328DE005ED8C0 /* MapCoordinator.swift */ = {isa = PBXFileReference; lastKnownFileType = sourcecode.swift; path = MapCoordinator.swift; sourceTree = "<group>"; };
		77F931832439CF61007BC979 /* Extensions+UIButton.swift */ = {isa = PBXFileReference; lastKnownFileType = sourcecode.swift; path = "Extensions+UIButton.swift"; sourceTree = "<group>"; };
		77F93185243B13E9007BC979 /* Extensions+UIColor.swift */ = {isa = PBXFileReference; lastKnownFileType = sourcecode.swift; path = "Extensions+UIColor.swift"; sourceTree = "<group>"; };
		8D32F33D22D3302D00ABC228 /* 12 Записок.app */ = {isa = PBXFileReference; explicitFileType = wrapper.application; includeInIndex = 0; path = "12 Записок.app"; sourceTree = BUILT_PRODUCTS_DIR; };
		8D32F34022D3302D00ABC228 /* AppDelegate.swift */ = {isa = PBXFileReference; lastKnownFileType = sourcecode.swift; path = AppDelegate.swift; sourceTree = "<group>"; };
		8D32F34222D3302D00ABC228 /* HomeViewController.swift */ = {isa = PBXFileReference; lastKnownFileType = sourcecode.swift; path = HomeViewController.swift; sourceTree = "<group>"; };
		8D32F34722D3302F00ABC228 /* Assets.xcassets */ = {isa = PBXFileReference; lastKnownFileType = folder.assetcatalog; path = Assets.xcassets; sourceTree = "<group>"; };
		8D32F34A22D3302F00ABC228 /* Base */ = {isa = PBXFileReference; lastKnownFileType = file.storyboard; name = Base; path = Base.lproj/LaunchScreen.storyboard; sourceTree = "<group>"; };
		8D32F34C22D3302F00ABC228 /* Info.plist */ = {isa = PBXFileReference; lastKnownFileType = text.plist.xml; path = Info.plist; sourceTree = "<group>"; };
		8D32F35222D3398700ABC228 /* City.swift */ = {isa = PBXFileReference; lastKnownFileType = sourcecode.swift; path = City.swift; sourceTree = "<group>"; };
		8D32F35622D33CE000ABC228 /* Note.swift */ = {isa = PBXFileReference; lastKnownFileType = sourcecode.swift; path = Note.swift; sourceTree = "<group>"; };
		8D32F35822D34B8E00ABC228 /* GameViewModel.swift */ = {isa = PBXFileReference; lastKnownFileType = sourcecode.swift; path = GameViewModel.swift; sourceTree = "<group>"; };
		8D32F35F22D3588500ABC228 /* NetworkManager.swift */ = {isa = PBXFileReference; lastKnownFileType = sourcecode.swift; path = NetworkManager.swift; sourceTree = "<group>"; };
		8D32F36122D3589000ABC228 /* StorageManager.swift */ = {isa = PBXFileReference; lastKnownFileType = sourcecode.swift; path = StorageManager.swift; sourceTree = "<group>"; };
		8D32F36622D366B000ABC228 /* API.swift */ = {isa = PBXFileReference; lastKnownFileType = sourcecode.swift; path = API.swift; sourceTree = "<group>"; };
		8D32F36822D49DD500ABC228 /* CityListViewController.swift */ = {isa = PBXFileReference; lastKnownFileType = sourcecode.swift; path = CityListViewController.swift; sourceTree = "<group>"; };
		8D32F36A22D71E5A00ABC228 /* GameViewController.swift */ = {isa = PBXFileReference; lastKnownFileType = sourcecode.swift; path = GameViewController.swift; sourceTree = "<group>"; };
		8D32F36C22D71E6300ABC228 /* MapViewController.swift */ = {isa = PBXFileReference; lastKnownFileType = sourcecode.swift; path = MapViewController.swift; sourceTree = "<group>"; };
		8D32F37422D7241E00ABC228 /* CustomCollectionViewFlowLayout.swift */ = {isa = PBXFileReference; lastKnownFileType = sourcecode.swift; path = CustomCollectionViewFlowLayout.swift; sourceTree = "<group>"; };
		8D32F37822D7394500ABC228 /* NoteCollectionCellViewModel.swift */ = {isa = PBXFileReference; lastKnownFileType = sourcecode.swift; path = NoteCollectionCellViewModel.swift; sourceTree = "<group>"; };
		8D32F37E22D73C5E00ABC228 /* NoteViewModel.swift */ = {isa = PBXFileReference; lastKnownFileType = sourcecode.swift; path = NoteViewModel.swift; sourceTree = "<group>"; };
		8D32F38022D73E1400ABC228 /* NoteCollectionCell.xib */ = {isa = PBXFileReference; lastKnownFileType = file.xib; path = NoteCollectionCell.xib; sourceTree = "<group>"; };
		8D32F38222D73E4500ABC228 /* NoteCollectionCell.swift */ = {isa = PBXFileReference; lastKnownFileType = sourcecode.swift; path = NoteCollectionCell.swift; sourceTree = "<group>"; };
		8D8EA3D822D75F8D00EA2F01 /* BaseCell.swift */ = {isa = PBXFileReference; lastKnownFileType = sourcecode.swift; path = BaseCell.swift; sourceTree = "<group>"; };
		8D8EA3DA22D771DC00EA2F01 /* GameNoteViewController.swift */ = {isa = PBXFileReference; lastKnownFileType = sourcecode.swift; path = GameNoteViewController.swift; sourceTree = "<group>"; };
		D0E6F06534B0F6FB3D6C3604 /* Pods-12Zapisok.debug.xcconfig */ = {isa = PBXFileReference; includeInIndex = 1; lastKnownFileType = text.xcconfig; name = "Pods-12Zapisok.debug.xcconfig"; path = "Pods/Target Support Files/Pods-12Zapisok/Pods-12Zapisok.debug.xcconfig"; sourceTree = "<group>"; };
		F90ED95CCE49D888EEE22320 /* Pods-12Zapisok.release.xcconfig */ = {isa = PBXFileReference; includeInIndex = 1; lastKnownFileType = text.xcconfig; name = "Pods-12Zapisok.release.xcconfig"; path = "Pods/Target Support Files/Pods-12Zapisok/Pods-12Zapisok.release.xcconfig"; sourceTree = "<group>"; };
/* End PBXFileReference section */

/* Begin PBXFrameworksBuildPhase section */
		8D32F33A22D3302D00ABC228 /* Frameworks */ = {
			isa = PBXFrameworksBuildPhase;
			buildActionMask = 2147483647;
			files = (
				A3EE442304D2DC80E8688FAF /* Pods_12Zapisok.framework in Frameworks */,
			);
			runOnlyForDeploymentPostprocessing = 0;
		};
/* End PBXFrameworksBuildPhase section */

/* Begin PBXGroup section */
		1AD5F6F7EDE50B7B9810814F /* Frameworks */ = {
			isa = PBXGroup;
			children = (
				526AD8A7641C95E0C7D7C7D6 /* Pods_12Zapisok.framework */,
			);
			name = Frameworks;
			sourceTree = "<group>";
		};
		7741375723B9F54E00AD8A71 /* Extensions */ = {
			isa = PBXGroup;
			children = (
				77B120D1238DC545001B2301 /* Extensions+UIView.swift */,
				7790B45E241EBBC90046EFA5 /* Extensions+UITableView.swift */,
				7790B460241EBBE60046EFA5 /* Extensions+UICollectionView.swift */,
				7790B473241FA44F0046EFA5 /* Extentions+Storyboard.swift */,
				77F80DB324214B44005ED8C0 /* Extensions+String.swift */,
				774413BF242A9F2F001FBD83 /* Extensions+UIImageView.swift */,
				7711C7A0246894BA0022EC45 /* Extensions+UIImage.swift */,
				77A18F002433756F0027E456 /* Extensions+UIViewController.swift */,
				77F931832439CF61007BC979 /* Extensions+UIButton.swift */,
				77F93185243B13E9007BC979 /* Extensions+UIColor.swift */,
			);
			path = Extensions;
			sourceTree = "<group>";
		};
		7790B456241E9A2E0046EFA5 /* Home */ = {
			isa = PBXGroup;
			children = (
				8D32F34222D3302D00ABC228 /* HomeViewController.swift */,
				7790B457241E9A500046EFA5 /* HomeViewController.xib */,
			);
			path = Home;
			sourceTree = "<group>";
		};
		7790B459241EA09D0046EFA5 /* CityList */ = {
			isa = PBXGroup;
			children = (
				8D32F36822D49DD500ABC228 /* CityListViewController.swift */,
				7790B45A241EA0B60046EFA5 /* CityListViewController.xib */,
			);
			path = CityList;
			sourceTree = "<group>";
		};
		7790B466241FA3B80046EFA5 /* Auth */ = {
			isa = PBXGroup;
			children = (
				7790B46E241FA4000046EFA5 /* Registration */,
				7790B46B241FA3DA0046EFA5 /* Login */,
			);
			path = Auth;
			sourceTree = "<group>";
		};
		7790B46B241FA3DA0046EFA5 /* Login */ = {
			isa = PBXGroup;
			children = (
				7790B467241FA3CF0046EFA5 /* LoginViewController.swift */,
				7790B468241FA3CF0046EFA5 /* LoginViewController.xib */,
			);
			path = Login;
			sourceTree = "<group>";
		};
		7790B46E241FA4000046EFA5 /* Registration */ = {
			isa = PBXGroup;
			children = (
				7790B46F241FA42A0046EFA5 /* RegistrationViewController.swift */,
				7790B470241FA42A0046EFA5 /* RegistrationViewController.xib */,
			);
			path = Registration;
			sourceTree = "<group>";
		};
		7790B475241FA5AA0046EFA5 /* GameRules */ = {
			isa = PBXGroup;
			children = (
				7790B476241FA5E10046EFA5 /* GameRulesViewController.swift */,
				7790B477241FA5E10046EFA5 /* GameRulesViewController.xib */,
			);
			path = GameRules;
			sourceTree = "<group>";
		};
		7790B47A241FA5F70046EFA5 /* Purchase */ = {
			isa = PBXGroup;
			children = (
				7790B47B241FA6050046EFA5 /* PurchaseViewController.swift */,
				7790B47C241FA6050046EFA5 /* PurchaseViewController.xib */,
			);
			path = Purchase;
			sourceTree = "<group>";
		};
		7790B481241FA65D0046EFA5 /* Settings */ = {
			isa = PBXGroup;
			children = (
				7790B482241FA66B0046EFA5 /* SettingsViewController.swift */,
				7790B483241FA66B0046EFA5 /* SettingsViewController.xib */,
			);
			path = Settings;
			sourceTree = "<group>";
		};
		7790B486241FA6800046EFA5 /* Onboarding */ = {
			isa = PBXGroup;
			children = (
				77B120D3239C475B001B2301 /* OnboardingViewController.swift */,
				7790B487241FA6990046EFA5 /* OnboardingViewController.xib */,
			);
			path = Onboarding;
			sourceTree = "<group>";
		};
		7790B489241FA6E80046EFA5 /* Map */ = {
			isa = PBXGroup;
			children = (
				8D32F36C22D71E6300ABC228 /* MapViewController.swift */,
				7790B48A241FA6FF0046EFA5 /* MapViewController.xib */,
			);
			path = Map;
			sourceTree = "<group>";
		};
		77B120CA238C5F5B001B2301 /* ViewControllers */ = {
			isa = PBXGroup;
			children = (
				7790B452241CF5CA0046EFA5 /* BaseViewController.swift */,
				7790B486241FA6800046EFA5 /* Onboarding */,
				7790B466241FA3B80046EFA5 /* Auth */,
				7790B456241E9A2E0046EFA5 /* Home */,
				8D32F38522D7439F00ABC228 /* Game */,
				7790B459241EA09D0046EFA5 /* CityList */,
				7790B489241FA6E80046EFA5 /* Map */,
				7790B475241FA5AA0046EFA5 /* GameRules */,
				7790B47A241FA5F70046EFA5 /* Purchase */,
				77F80DB92421FF2D005ED8C0 /* CityInfo */,
				7790B481241FA65D0046EFA5 /* Settings */,
				77F80DBB2421FF48005ED8C0 /* Leaderboard */,
				77F80DBA2421FF3E005ED8C0 /* Statistics */,
			);
			path = ViewControllers;
			sourceTree = "<group>";
		};
		77B120DB239C56DB001B2301 /* Coordinator */ = {
			isa = PBXGroup;
			children = (
				77F80DB724216518005ED8C0 /* Coordinator.swift */,
				77B120D5239C4C40001B2301 /* BaseCoordinator.swift */,
				77B120E8239CF561001B2301 /* AppCoordinator.swift */,
				77B120E0239CDA3B001B2301 /* OnboardingCoordinator.swift */,
				77B120D9239C4CD9001B2301 /* HomeCoordinator.swift */,
				77F80DB524215596005ED8C0 /* GameCoordinator.swift */,
				77F80DDB242328DE005ED8C0 /* MapCoordinator.swift */,
			);
			path = Coordinator;
			sourceTree = "<group>";
		};
		77F80DB92421FF2D005ED8C0 /* CityInfo */ = {
			isa = PBXGroup;
			children = (
				77F80DC42421FF97005ED8C0 /* CityInfoViewController.swift */,
				77F80DC52421FF97005ED8C0 /* CityInfoViewController.xib */,
			);
			path = CityInfo;
			sourceTree = "<group>";
		};
		77F80DBA2421FF3E005ED8C0 /* Statistics */ = {
			isa = PBXGroup;
			children = (
				77F80DC02421FF85005ED8C0 /* StatisticsViewController.swift */,
				77F80DC12421FF85005ED8C0 /* StatisticsViewController.xib */,
			);
			path = Statistics;
			sourceTree = "<group>";
		};
		77F80DBB2421FF48005ED8C0 /* Leaderboard */ = {
			isa = PBXGroup;
			children = (
				77F80DBC2421FF70005ED8C0 /* LeaderboardViewController.swift */,
				77F80DBD2421FF70005ED8C0 /* LeaderboardViewController.xib */,
			);
			path = Leaderboard;
			sourceTree = "<group>";
		};
		77F80DD624223FAB005ED8C0 /* Onboarding */ = {
			isa = PBXGroup;
			children = (
				77B120E2239CDCE1001B2301 /* OnboardingViewModel.swift */,
				77B120E4239CDE2B001B2301 /* OnboardingStepViewModel.swift */,
			);
			path = Onboarding;
			sourceTree = "<group>";
		};
		8D32F33422D3302D00ABC228 = {
			isa = PBXGroup;
			children = (
				8D32F33F22D3302D00ABC228 /* 12Zapisok */,
				8D32F33E22D3302D00ABC228 /* Products */,
				CFD2B2E047277D91D36A6B63 /* Pods */,
				1AD5F6F7EDE50B7B9810814F /* Frameworks */,
			);
			sourceTree = "<group>";
		};
		8D32F33E22D3302D00ABC228 /* Products */ = {
			isa = PBXGroup;
			children = (
				8D32F33D22D3302D00ABC228 /* 12 Записок.app */,
			);
			name = Products;
			sourceTree = "<group>";
		};
		8D32F33F22D3302D00ABC228 /* 12Zapisok */ = {
			isa = PBXGroup;
			children = (
				8D32F34022D3302D00ABC228 /* AppDelegate.swift */,
				8D32F35C22D3576300ABC228 /* Model */,
				8D32F35E22D3577400ABC228 /* ViewModel */,
				8D32F38422D73E4B00ABC228 /* View */,
				77B120CA238C5F5B001B2301 /* ViewControllers */,
				77B120DB239C56DB001B2301 /* Coordinator */,
				8D32F36322D3594600ABC228 /* Manager */,
				7741375723B9F54E00AD8A71 /* Extensions */,
				8D32F34722D3302F00ABC228 /* Assets.xcassets */,
				8D32F34922D3302F00ABC228 /* LaunchScreen.storyboard */,
				8D32F34C22D3302F00ABC228 /* Info.plist */,
			);
			path = 12Zapisok;
			sourceTree = "<group>";
		};
		8D32F35C22D3576300ABC228 /* Model */ = {
			isa = PBXGroup;
			children = (
				8D32F35222D3398700ABC228 /* City.swift */,
				8D32F35622D33CE000ABC228 /* Note.swift */,
			);
			path = Model;
			sourceTree = "<group>";
		};
		8D32F35D22D3576D00ABC228 /* Game */ = {
			isa = PBXGroup;
			children = (
				8D32F35822D34B8E00ABC228 /* GameViewModel.swift */,
				8D32F37822D7394500ABC228 /* NoteCollectionCellViewModel.swift */,
				8D32F37E22D73C5E00ABC228 /* NoteViewModel.swift */,
			);
			path = Game;
			sourceTree = "<group>";
		};
		8D32F35E22D3577400ABC228 /* ViewModel */ = {
			isa = PBXGroup;
			children = (
				77F80DD624223FAB005ED8C0 /* Onboarding */,
				8D32F35D22D3576D00ABC228 /* Game */,
				7741375523B9EC4100AD8A71 /* HomeViewModel.swift */,
				77F80DD724232746005ED8C0 /* CityInfoViewModel.swift */,
				77B120DE239C5F8F001B2301 /* CityListViewModel.swift */,
				77F80DD224220A5A005ED8C0 /* MapViewModel.swift */,
				77F80DC824220318005ED8C0 /* GameRulesViewModel.swift */,
				77F80DCA24220822005ED8C0 /* PurchaseViewModel.swift */,
				77F80DCC2422084D005ED8C0 /* SettingsViewModel.swift */,
				77F80DCE24220873005ED8C0 /* LeaderboardViewModel.swift */,
				77F80DD024220890005ED8C0 /* StatisticsViewModel.swift */,
			);
			path = ViewModel;
			sourceTree = "<group>";
		};
		8D32F36322D3594600ABC228 /* Manager */ = {
			isa = PBXGroup;
			children = (
				8D32F35F22D3588500ABC228 /* NetworkManager.swift */,
				8D32F36122D3589000ABC228 /* StorageManager.swift */,
				8D32F36622D366B000ABC228 /* API.swift */,
				77B120C4238C53BC001B2301 /* PreferencesManager.swift */,
				77B120C6238C547E001B2301 /* Logger.swift */,
				77B120CB238C606B001B2301 /* LocationManager.swift */,
				775370BF2458E0DE006EFF3E /* QuantityManager.swift */,
				7706E09F24594EBE0021DA1E /* Observable.swift */,
			);
			path = Manager;
			sourceTree = "<group>";
		};
		8D32F38422D73E4B00ABC228 /* View */ = {
			isa = PBXGroup;
			children = (
				8D8EA3D822D75F8D00EA2F01 /* BaseCell.swift */,
				8D32F38022D73E1400ABC228 /* NoteCollectionCell.xib */,
				8D32F38222D73E4500ABC228 /* NoteCollectionCell.swift */,
				77B120CF238DC450001B2301 /* NotesHeader.xib */,
				77B120E6239CF2AC001B2301 /* OnboardingCell.swift */,
				7790B48C241FAC370046EFA5 /* OnboardingCell.xib */,
				77BDB39C23B2B41500820E5B /* CityCollectionCell.swift */,
				77BDB39D23B2B41500820E5B /* CityCollectionCell.xib */,
				77688CD723BA20AE00697408 /* CityHeaderReusableView.swift */,
				7790B45C241EACA10046EFA5 /* CityHeaderReusableView.xib */,
				7790B48E241FBEB80046EFA5 /* GameFooterReusableView.swift */,
				7790B48F241FBEB80046EFA5 /* GameFooterReusableView.xib */,
				7753C61E244CD20F0072A0B5 /* GameRuleCell.swift */,
				7753C61F244CD20F0072A0B5 /* GameRuleCell.xib */,
				775370BB2458CD39006EFF3E /* CityImageCell.swift */,
				775370BC2458CD39006EFF3E /* CityImageCell.xib */,
				7706E0A1246529A00021DA1E /* GameProgressView.swift */,
			);
			path = View;
			sourceTree = "<group>";
		};
		8D32F38522D7439F00ABC228 /* Game */ = {
			isa = PBXGroup;
			children = (
				8D32F36A22D71E5A00ABC228 /* GameViewController.swift */,
				7790B464241ECEB10046EFA5 /* GameViewController.xib */,
				8D8EA3DA22D771DC00EA2F01 /* GameNoteViewController.swift */,
				77BDB3A123B3E99300820E5B /* GameNoteViewController.xib */,
				8D32F37422D7241E00ABC228 /* CustomCollectionViewFlowLayout.swift */,
			);
			path = Game;
			sourceTree = "<group>";
		};
		CFD2B2E047277D91D36A6B63 /* Pods */ = {
			isa = PBXGroup;
			children = (
				D0E6F06534B0F6FB3D6C3604 /* Pods-12Zapisok.debug.xcconfig */,
				F90ED95CCE49D888EEE22320 /* Pods-12Zapisok.release.xcconfig */,
			);
			name = Pods;
			sourceTree = "<group>";
		};
/* End PBXGroup section */

/* Begin PBXNativeTarget section */
		8D32F33C22D3302D00ABC228 /* 12Zapisok */ = {
			isa = PBXNativeTarget;
			buildConfigurationList = 8D32F34F22D3302F00ABC228 /* Build configuration list for PBXNativeTarget "12Zapisok" */;
			buildPhases = (
				893BBD1E4DBE3FBB0DAEFDFC /* [CP] Check Pods Manifest.lock */,
				8D32F33922D3302D00ABC228 /* Sources */,
				8D32F33A22D3302D00ABC228 /* Frameworks */,
				8D32F33B22D3302D00ABC228 /* Resources */,
				FFD1B9D7F781AD8A5EB0EDE3 /* [CP] Embed Pods Frameworks */,
				6F774BA30061C1D80BC2EA02 /* [CP] Copy Pods Resources */,
			);
			buildRules = (
			);
			dependencies = (
			);
			name = 12Zapisok;
			productName = 12P;
			productReference = 8D32F33D22D3302D00ABC228 /* 12 Записок.app */;
			productType = "com.apple.product-type.application";
		};
/* End PBXNativeTarget section */

/* Begin PBXProject section */
		8D32F33522D3302D00ABC228 /* Project object */ = {
			isa = PBXProject;
			attributes = {
				LastSwiftUpdateCheck = 1020;
				LastUpgradeCheck = 1020;
				ORGANIZATIONNAME = A.Makarov;
				TargetAttributes = {
					8D32F33C22D3302D00ABC228 = {
						CreatedOnToolsVersion = 10.2.1;
					};
				};
			};
			buildConfigurationList = 8D32F33822D3302D00ABC228 /* Build configuration list for PBXProject "12Zapisok" */;
			compatibilityVersion = "Xcode 9.3";
			developmentRegion = en;
			hasScannedForEncodings = 0;
			knownRegions = (
				en,
				Base,
			);
			mainGroup = 8D32F33422D3302D00ABC228;
			productRefGroup = 8D32F33E22D3302D00ABC228 /* Products */;
			projectDirPath = "";
			projectRoot = "";
			targets = (
				8D32F33C22D3302D00ABC228 /* 12Zapisok */,
			);
		};
/* End PBXProject section */

/* Begin PBXResourcesBuildPhase section */
		8D32F33B22D3302D00ABC228 /* Resources */ = {
			isa = PBXResourcesBuildPhase;
			buildActionMask = 2147483647;
			files = (
				77F80DC72421FF97005ED8C0 /* CityInfoViewController.xib in Resources */,
				77F80DBF2421FF70005ED8C0 /* LeaderboardViewController.xib in Resources */,
				77B120D0238DC450001B2301 /* NotesHeader.xib in Resources */,
				7753C621244CD20F0072A0B5 /* GameRuleCell.xib in Resources */,
				8D32F34B22D3302F00ABC228 /* LaunchScreen.storyboard in Resources */,
				77F80DC32421FF85005ED8C0 /* StatisticsViewController.xib in Resources */,
				8D32F38122D73E1400ABC228 /* NoteCollectionCell.xib in Resources */,
				8D32F34822D3302F00ABC228 /* Assets.xcassets in Resources */,
				77BDB3A323B3E99300820E5B /* GameNoteViewController.xib in Resources */,
				7790B488241FA6990046EFA5 /* OnboardingViewController.xib in Resources */,
				7790B48B241FA6FF0046EFA5 /* MapViewController.xib in Resources */,
				7790B47E241FA6050046EFA5 /* PurchaseViewController.xib in Resources */,
				7790B472241FA42A0046EFA5 /* RegistrationViewController.xib in Resources */,
				7790B45D241EACA10046EFA5 /* CityHeaderReusableView.xib in Resources */,
				7790B485241FA66B0046EFA5 /* SettingsViewController.xib in Resources */,
				7790B465241ECEB10046EFA5 /* GameViewController.xib in Resources */,
				7790B46A241FA3CF0046EFA5 /* LoginViewController.xib in Resources */,
				77BDB39F23B2B41600820E5B /* CityCollectionCell.xib in Resources */,
				7790B458241E9A500046EFA5 /* HomeViewController.xib in Resources */,
				7790B48D241FAC370046EFA5 /* OnboardingCell.xib in Resources */,
				7790B45B241EA0B60046EFA5 /* CityListViewController.xib in Resources */,
				775370BE2458CD39006EFF3E /* CityImageCell.xib in Resources */,
				7790B491241FBEB80046EFA5 /* GameFooterReusableView.xib in Resources */,
				7790B479241FA5E10046EFA5 /* GameRulesViewController.xib in Resources */,
			);
			runOnlyForDeploymentPostprocessing = 0;
		};
/* End PBXResourcesBuildPhase section */

/* Begin PBXShellScriptBuildPhase section */
		6F774BA30061C1D80BC2EA02 /* [CP] Copy Pods Resources */ = {
			isa = PBXShellScriptBuildPhase;
			buildActionMask = 2147483647;
			files = (
			);
			inputFileListPaths = (
				"${PODS_ROOT}/Target Support Files/Pods-12Zapisok/Pods-12Zapisok-resources-${CONFIGURATION}-input-files.xcfilelist",
			);
			name = "[CP] Copy Pods Resources";
			outputFileListPaths = (
				"${PODS_ROOT}/Target Support Files/Pods-12Zapisok/Pods-12Zapisok-resources-${CONFIGURATION}-output-files.xcfilelist",
			);
			runOnlyForDeploymentPostprocessing = 0;
			shellPath = /bin/sh;
			shellScript = "\"${PODS_ROOT}/Target Support Files/Pods-12Zapisok/Pods-12Zapisok-resources.sh\"\n";
			showEnvVarsInLog = 0;
		};
		893BBD1E4DBE3FBB0DAEFDFC /* [CP] Check Pods Manifest.lock */ = {
			isa = PBXShellScriptBuildPhase;
			buildActionMask = 2147483647;
			files = (
			);
			inputPaths = (
				"${PODS_PODFILE_DIR_PATH}/Podfile.lock",
				"${PODS_ROOT}/Manifest.lock",
			);
			name = "[CP] Check Pods Manifest.lock";
			outputPaths = (
				"$(DERIVED_FILE_DIR)/Pods-12Zapisok-checkManifestLockResult.txt",
			);
			runOnlyForDeploymentPostprocessing = 0;
			shellPath = /bin/sh;
			shellScript = "diff \"${PODS_PODFILE_DIR_PATH}/Podfile.lock\" \"${PODS_ROOT}/Manifest.lock\" > /dev/null\nif [ $? != 0 ] ; then\n    # print error to STDERR\n    echo \"error: The sandbox is not in sync with the Podfile.lock. Run 'pod install' or update your CocoaPods installation.\" >&2\n    exit 1\nfi\n# This output is used by Xcode 'outputs' to avoid re-running this script phase.\necho \"SUCCESS\" > \"${SCRIPT_OUTPUT_FILE_0}\"\n";
			showEnvVarsInLog = 0;
		};
		FFD1B9D7F781AD8A5EB0EDE3 /* [CP] Embed Pods Frameworks */ = {
			isa = PBXShellScriptBuildPhase;
			buildActionMask = 2147483647;
			files = (
			);
			inputFileListPaths = (
				"${PODS_ROOT}/Target Support Files/Pods-12Zapisok/Pods-12Zapisok-frameworks-${CONFIGURATION}-input-files.xcfilelist",
			);
			name = "[CP] Embed Pods Frameworks";
			outputFileListPaths = (
				"${PODS_ROOT}/Target Support Files/Pods-12Zapisok/Pods-12Zapisok-frameworks-${CONFIGURATION}-output-files.xcfilelist",
			);
			runOnlyForDeploymentPostprocessing = 0;
			shellPath = /bin/sh;
			shellScript = "\"${PODS_ROOT}/Target Support Files/Pods-12Zapisok/Pods-12Zapisok-frameworks.sh\"\n";
			showEnvVarsInLog = 0;
		};
/* End PBXShellScriptBuildPhase section */

/* Begin PBXSourcesBuildPhase section */
		8D32F33922D3302D00ABC228 /* Sources */ = {
			isa = PBXSourcesBuildPhase;
			buildActionMask = 2147483647;
			files = (
				77F80DCB24220822005ED8C0 /* PurchaseViewModel.swift in Sources */,
				77F931842439CF61007BC979 /* Extensions+UIButton.swift in Sources */,
				77B120D6239C4C40001B2301 /* BaseCoordinator.swift in Sources */,
				7711C7A1246894BA0022EC45 /* Extensions+UIImage.swift in Sources */,
				77B120E5239CDE2B001B2301 /* OnboardingStepViewModel.swift in Sources */,
				8D32F35922D34B8E00ABC228 /* GameViewModel.swift in Sources */,
				7753C620244CD20F0072A0B5 /* GameRuleCell.swift in Sources */,
				8D32F35722D33CE000ABC228 /* Note.swift in Sources */,
				7706E0A2246529A00021DA1E /* GameProgressView.swift in Sources */,
				77F80DD824232746005ED8C0 /* CityInfoViewModel.swift in Sources */,
				77B120E3239CDCE1001B2301 /* OnboardingViewModel.swift in Sources */,
				8D8EA3D922D75F8D00EA2F01 /* BaseCell.swift in Sources */,
				77B120C5238C53BC001B2301 /* PreferencesManager.swift in Sources */,
				8D32F36922D49DD600ABC228 /* CityListViewController.swift in Sources */,
				774413C0242A9F2F001FBD83 /* Extensions+UIImageView.swift in Sources */,
				7790B478241FA5E10046EFA5 /* GameRulesViewController.swift in Sources */,
				77F80DD324220A5A005ED8C0 /* MapViewModel.swift in Sources */,
				8D32F34322D3302D00ABC228 /* HomeViewController.swift in Sources */,
				77F80DC924220319005ED8C0 /* GameRulesViewModel.swift in Sources */,
				775370BD2458CD39006EFF3E /* CityImageCell.swift in Sources */,
				7790B490241FBEB80046EFA5 /* GameFooterReusableView.swift in Sources */,
				7790B461241EBBE60046EFA5 /* Extensions+UICollectionView.swift in Sources */,
				77B120C7238C547E001B2301 /* Logger.swift in Sources */,
				7790B47D241FA6050046EFA5 /* PurchaseViewController.swift in Sources */,
				7790B45F241EBBC90046EFA5 /* Extensions+UITableView.swift in Sources */,
				7790B453241CF5CA0046EFA5 /* BaseViewController.swift in Sources */,
				7741375623B9EC4100AD8A71 /* HomeViewModel.swift in Sources */,
				8D32F36B22D71E5A00ABC228 /* GameViewController.swift in Sources */,
				7706E0A024594EBE0021DA1E /* Observable.swift in Sources */,
				77688CD923BA20AE00697408 /* CityHeaderReusableView.swift in Sources */,
				7790B484241FA66B0046EFA5 /* SettingsViewController.swift in Sources */,
				77F80DC62421FF97005ED8C0 /* CityInfoViewController.swift in Sources */,
				77BDB39E23B2B41600820E5B /* CityCollectionCell.swift in Sources */,
				77F80DC22421FF85005ED8C0 /* StatisticsViewController.swift in Sources */,
				77B120E7239CF2AC001B2301 /* OnboardingCell.swift in Sources */,
				77F80DD124220890005ED8C0 /* StatisticsViewModel.swift in Sources */,
				77B120D4239C475B001B2301 /* OnboardingViewController.swift in Sources */,
				77F80DCD2422084D005ED8C0 /* SettingsViewModel.swift in Sources */,
				77F80DDC242328DE005ED8C0 /* MapCoordinator.swift in Sources */,
				8D32F36022D3588500ABC228 /* NetworkManager.swift in Sources */,
				77B120D2238DC545001B2301 /* Extensions+UIView.swift in Sources */,
				8D32F37F22D73C5E00ABC228 /* NoteViewModel.swift in Sources */,
				8D32F37522D7241E00ABC228 /* CustomCollectionViewFlowLayout.swift in Sources */,
				77F80DB624215596005ED8C0 /* GameCoordinator.swift in Sources */,
				8D32F36D22D71E6400ABC228 /* MapViewController.swift in Sources */,
				77F80DBE2421FF70005ED8C0 /* LeaderboardViewController.swift in Sources */,
				7790B474241FA44F0046EFA5 /* Extentions+Storyboard.swift in Sources */,
				8D32F34122D3302D00ABC228 /* AppDelegate.swift in Sources */,
				77F80DB824216518005ED8C0 /* Coordinator.swift in Sources */,
				8D8EA3DB22D771DC00EA2F01 /* GameNoteViewController.swift in Sources */,
				8D32F38322D73E4500ABC228 /* NoteCollectionCell.swift in Sources */,
				77B120DA239C4CD9001B2301 /* HomeCoordinator.swift in Sources */,
				77B120DF239C5F8F001B2301 /* CityListViewModel.swift in Sources */,
				8D32F35322D3398700ABC228 /* City.swift in Sources */,
				77F80DCF24220873005ED8C0 /* LeaderboardViewModel.swift in Sources */,
				8D32F36222D3589000ABC228 /* StorageManager.swift in Sources */,
				77B120CC238C606B001B2301 /* LocationManager.swift in Sources */,
				77A18F012433756F0027E456 /* Extensions+UIViewController.swift in Sources */,
				7790B469241FA3CF0046EFA5 /* LoginViewController.swift in Sources */,
				7790B471241FA42A0046EFA5 /* RegistrationViewController.swift in Sources */,
				77B120E9239CF561001B2301 /* AppCoordinator.swift in Sources */,
				775370C02458E0DE006EFF3E /* QuantityManager.swift in Sources */,
				77F93186243B13E9007BC979 /* Extensions+UIColor.swift in Sources */,
				77F80DB424214B44005ED8C0 /* Extensions+String.swift in Sources */,
				8D32F37922D7394500ABC228 /* NoteCollectionCellViewModel.swift in Sources */,
				8D32F36722D366B000ABC228 /* API.swift in Sources */,
				77B120E1239CDA3B001B2301 /* OnboardingCoordinator.swift in Sources */,
			);
			runOnlyForDeploymentPostprocessing = 0;
		};
/* End PBXSourcesBuildPhase section */

/* Begin PBXVariantGroup section */
		8D32F34922D3302F00ABC228 /* LaunchScreen.storyboard */ = {
			isa = PBXVariantGroup;
			children = (
				8D32F34A22D3302F00ABC228 /* Base */,
			);
			name = LaunchScreen.storyboard;
			sourceTree = "<group>";
		};
/* End PBXVariantGroup section */

/* Begin XCBuildConfiguration section */
		8D32F34D22D3302F00ABC228 /* Debug */ = {
			isa = XCBuildConfiguration;
			buildSettings = {
				ALWAYS_SEARCH_USER_PATHS = NO;
				CLANG_ANALYZER_NONNULL = YES;
				CLANG_ANALYZER_NUMBER_OBJECT_CONVERSION = YES_AGGRESSIVE;
				CLANG_CXX_LANGUAGE_STANDARD = "gnu++14";
				CLANG_CXX_LIBRARY = "libc++";
				CLANG_ENABLE_MODULES = YES;
				CLANG_ENABLE_OBJC_ARC = YES;
				CLANG_ENABLE_OBJC_WEAK = YES;
				CLANG_WARN_BLOCK_CAPTURE_AUTORELEASING = YES;
				CLANG_WARN_BOOL_CONVERSION = YES;
				CLANG_WARN_COMMA = YES;
				CLANG_WARN_CONSTANT_CONVERSION = YES;
				CLANG_WARN_DEPRECATED_OBJC_IMPLEMENTATIONS = YES;
				CLANG_WARN_DIRECT_OBJC_ISA_USAGE = YES_ERROR;
				CLANG_WARN_DOCUMENTATION_COMMENTS = YES;
				CLANG_WARN_EMPTY_BODY = YES;
				CLANG_WARN_ENUM_CONVERSION = YES;
				CLANG_WARN_INFINITE_RECURSION = YES;
				CLANG_WARN_INT_CONVERSION = YES;
				CLANG_WARN_NON_LITERAL_NULL_CONVERSION = YES;
				CLANG_WARN_OBJC_IMPLICIT_RETAIN_SELF = YES;
				CLANG_WARN_OBJC_LITERAL_CONVERSION = YES;
				CLANG_WARN_OBJC_ROOT_CLASS = YES_ERROR;
				CLANG_WARN_RANGE_LOOP_ANALYSIS = YES;
				CLANG_WARN_STRICT_PROTOTYPES = YES;
				CLANG_WARN_SUSPICIOUS_MOVE = YES;
				CLANG_WARN_UNGUARDED_AVAILABILITY = YES_AGGRESSIVE;
				CLANG_WARN_UNREACHABLE_CODE = YES;
				CLANG_WARN__DUPLICATE_METHOD_MATCH = YES;
				CODE_SIGN_IDENTITY = "iPhone Developer";
				COPY_PHASE_STRIP = NO;
				DEBUG_INFORMATION_FORMAT = dwarf;
				ENABLE_STRICT_OBJC_MSGSEND = YES;
				ENABLE_TESTABILITY = YES;
				GCC_C_LANGUAGE_STANDARD = gnu11;
				GCC_DYNAMIC_NO_PIC = NO;
				GCC_NO_COMMON_BLOCKS = YES;
				GCC_OPTIMIZATION_LEVEL = 0;
				GCC_PREPROCESSOR_DEFINITIONS = (
					"DEBUG=1",
					"$(inherited)",
				);
				GCC_WARN_64_TO_32_BIT_CONVERSION = YES;
				GCC_WARN_ABOUT_RETURN_TYPE = YES_ERROR;
				GCC_WARN_UNDECLARED_SELECTOR = YES;
				GCC_WARN_UNINITIALIZED_AUTOS = YES_AGGRESSIVE;
				GCC_WARN_UNUSED_FUNCTION = YES;
				GCC_WARN_UNUSED_VARIABLE = YES;
				IPHONEOS_DEPLOYMENT_TARGET = 13.0;
				MTL_ENABLE_DEBUG_INFO = INCLUDE_SOURCE;
				MTL_FAST_MATH = YES;
				ONLY_ACTIVE_ARCH = YES;
				SDKROOT = iphoneos;
				SWIFT_ACTIVE_COMPILATION_CONDITIONS = DEBUG;
				SWIFT_OPTIMIZATION_LEVEL = "-Onone";
			};
			name = Debug;
		};
		8D32F34E22D3302F00ABC228 /* Release */ = {
			isa = XCBuildConfiguration;
			buildSettings = {
				ALWAYS_SEARCH_USER_PATHS = NO;
				CLANG_ANALYZER_NONNULL = YES;
				CLANG_ANALYZER_NUMBER_OBJECT_CONVERSION = YES_AGGRESSIVE;
				CLANG_CXX_LANGUAGE_STANDARD = "gnu++14";
				CLANG_CXX_LIBRARY = "libc++";
				CLANG_ENABLE_MODULES = YES;
				CLANG_ENABLE_OBJC_ARC = YES;
				CLANG_ENABLE_OBJC_WEAK = YES;
				CLANG_WARN_BLOCK_CAPTURE_AUTORELEASING = YES;
				CLANG_WARN_BOOL_CONVERSION = YES;
				CLANG_WARN_COMMA = YES;
				CLANG_WARN_CONSTANT_CONVERSION = YES;
				CLANG_WARN_DEPRECATED_OBJC_IMPLEMENTATIONS = YES;
				CLANG_WARN_DIRECT_OBJC_ISA_USAGE = YES_ERROR;
				CLANG_WARN_DOCUMENTATION_COMMENTS = YES;
				CLANG_WARN_EMPTY_BODY = YES;
				CLANG_WARN_ENUM_CONVERSION = YES;
				CLANG_WARN_INFINITE_RECURSION = YES;
				CLANG_WARN_INT_CONVERSION = YES;
				CLANG_WARN_NON_LITERAL_NULL_CONVERSION = YES;
				CLANG_WARN_OBJC_IMPLICIT_RETAIN_SELF = YES;
				CLANG_WARN_OBJC_LITERAL_CONVERSION = YES;
				CLANG_WARN_OBJC_ROOT_CLASS = YES_ERROR;
				CLANG_WARN_RANGE_LOOP_ANALYSIS = YES;
				CLANG_WARN_STRICT_PROTOTYPES = YES;
				CLANG_WARN_SUSPICIOUS_MOVE = YES;
				CLANG_WARN_UNGUARDED_AVAILABILITY = YES_AGGRESSIVE;
				CLANG_WARN_UNREACHABLE_CODE = YES;
				CLANG_WARN__DUPLICATE_METHOD_MATCH = YES;
				CODE_SIGN_IDENTITY = "iPhone Developer";
				COPY_PHASE_STRIP = NO;
				DEBUG_INFORMATION_FORMAT = "dwarf-with-dsym";
				ENABLE_NS_ASSERTIONS = NO;
				ENABLE_STRICT_OBJC_MSGSEND = YES;
				GCC_C_LANGUAGE_STANDARD = gnu11;
				GCC_NO_COMMON_BLOCKS = YES;
				GCC_WARN_64_TO_32_BIT_CONVERSION = YES;
				GCC_WARN_ABOUT_RETURN_TYPE = YES_ERROR;
				GCC_WARN_UNDECLARED_SELECTOR = YES;
				GCC_WARN_UNINITIALIZED_AUTOS = YES_AGGRESSIVE;
				GCC_WARN_UNUSED_FUNCTION = YES;
				GCC_WARN_UNUSED_VARIABLE = YES;
				IPHONEOS_DEPLOYMENT_TARGET = 13.0;
				MTL_ENABLE_DEBUG_INFO = NO;
				MTL_FAST_MATH = YES;
				SDKROOT = iphoneos;
				SWIFT_COMPILATION_MODE = wholemodule;
				SWIFT_OPTIMIZATION_LEVEL = "-O";
				VALIDATE_PRODUCT = YES;
			};
			name = Release;
		};
		8D32F35022D3302F00ABC228 /* Debug */ = {
			isa = XCBuildConfiguration;
			baseConfigurationReference = D0E6F06534B0F6FB3D6C3604 /* Pods-12Zapisok.debug.xcconfig */;
			buildSettings = {
				ASSETCATALOG_COMPILER_APPICON_NAME = AppIcon;
				CODE_SIGN_STYLE = Automatic;
				DEVELOPMENT_TEAM = RA8RP8Z7ML;
				INFOPLIST_FILE = 12Zapisok/Info.plist;
				IPHONEOS_DEPLOYMENT_TARGET = 13.0;
				LD_RUNPATH_SEARCH_PATHS = (
					"$(inherited)",
					"@executable_path/Frameworks",
				);
				PRODUCT_BUNDLE_IDENTIFIER = A.Makarov.12Zapisok;
				PRODUCT_NAME = "12 Записок";
				SWIFT_VERSION = 5.0;
				TARGETED_DEVICE_FAMILY = 1;
			};
			name = Debug;
		};
		8D32F35122D3302F00ABC228 /* Release */ = {
			isa = XCBuildConfiguration;
			baseConfigurationReference = F90ED95CCE49D888EEE22320 /* Pods-12Zapisok.release.xcconfig */;
			buildSettings = {
				ASSETCATALOG_COMPILER_APPICON_NAME = AppIcon;
				CODE_SIGN_STYLE = Automatic;
				DEVELOPMENT_TEAM = RA8RP8Z7ML;
				INFOPLIST_FILE = 12Zapisok/Info.plist;
				IPHONEOS_DEPLOYMENT_TARGET = 13.0;
				LD_RUNPATH_SEARCH_PATHS = (
					"$(inherited)",
					"@executable_path/Frameworks",
				);
				PRODUCT_BUNDLE_IDENTIFIER = A.Makarov.12Zapisok;
				PRODUCT_NAME = "12 Записок";
				SWIFT_VERSION = 5.0;
				TARGETED_DEVICE_FAMILY = 1;
			};
			name = Release;
		};
/* End XCBuildConfiguration section */

/* Begin XCConfigurationList section */
		8D32F33822D3302D00ABC228 /* Build configuration list for PBXProject "12Zapisok" */ = {
			isa = XCConfigurationList;
			buildConfigurations = (
				8D32F34D22D3302F00ABC228 /* Debug */,
				8D32F34E22D3302F00ABC228 /* Release */,
			);
			defaultConfigurationIsVisible = 0;
			defaultConfigurationName = Release;
		};
		8D32F34F22D3302F00ABC228 /* Build configuration list for PBXNativeTarget "12Zapisok" */ = {
			isa = XCConfigurationList;
			buildConfigurations = (
				8D32F35022D3302F00ABC228 /* Debug */,
				8D32F35122D3302F00ABC228 /* Release */,
			);
			defaultConfigurationIsVisible = 0;
			defaultConfigurationName = Release;
		};
/* End XCConfigurationList section */
	};
	rootObject = 8D32F33522D3302D00ABC228 /* Project object */;
}
